
Microsoft Visual Studio Solution File, Format Version 12.00
# Visual Studio Version 17
VisualStudioVersion = 17.1.32421.90
MinimumVisualStudioVersion = 10.0.40219.1
Project("{9A19103F-16F7-4668-BE54-9A1E7A4F7556}") = "SendReportService", "SendReportService.csproj", "{0C122832-0FB2-4ABE-BD07-966BC99BCFF2}"
EndProject
Global
	GlobalSection(SolutionConfigurationPlatforms) = preSolution
		Debug|Any CPU = Debug|Any CPU
		Release|Any CPU = Release|Any CPU
	EndGlobalSection
	GlobalSection(ProjectConfigurationPlatforms) = postSolution
		{0C122832-0FB2-4ABE-BD07-966BC99BCFF2}.Debug|Any CPU.ActiveCfg = Debug|Any CPU
		{0C122832-0FB2-4ABE-BD07-966BC99BCFF2}.Debug|Any CPU.Build.0 = Debug|Any CPU
		{0C122832-0FB2-4ABE-BD07-966BC99BCFF2}.Release|Any CPU.ActiveCfg = Release|Any CPU
		{0C122832-0FB2-4ABE-BD07-966BC99BCFF2}.Release|Any CPU.Build.0 = Release|Any CPU
	EndGlobalSection
	GlobalSection(SolutionProperties) = preSolution
		HideSolutionNode = FALSE
	EndGlobalSection
	GlobalSection(ExtensibilityGlobals) = postSolution
		SolutionGuid = {CD77F9C2-1B3C-464A-827A-D4D3432D1AFE}
	EndGlobalSection
EndGlobal
